lockfileVersion: '9.0'

settings:
  autoInstallPeers: true
  excludeLinksFromLockfile: false

importers:

  .:
    dependencies:
      jest-haste-map:
        specifier: ^30.3.0
        version: 30.3.0

packages:

  '@jest/pattern@30.0.1':
    resolution: {integrity: sha512-gWp7NfQW27LaBQz3TITS8L7ZCQ0TLvtmI//4OwlQRx4rnWxcPNIYjxZpDcN4+UlGxgm3jS5QPz8IPTCkb59wZA==}
    engines: {node: ^18.14.0 || ^20.0.0 || ^22.0.0 || >=24.0.0}

  '@jest/schemas@30.0.5':
    resolution: {integrity: sha512-DmdYgtezMkh3cpU8/1uyXakv3tJRcmcXxBOcO0tbaozPwpmh4YMsnWrQm9ZmZMfa5ocbxzbFk6O4bDPEc/iAnA==}
    engines: {node: ^18.14.0 || ^20.0.0 || ^22.0.0 || >=24.0.0}

  '@jest/types@30.3.0':
    resolution: {integrity: sha512-JHm87k7bA33hpBngtU8h6UBub/fqqA9uXfw+21j5Hmk7ooPHlboRNxHq0JcMtC+n8VJGP1mcfnD3Mk+XKe1oSw==}
    engines: {node: ^18.14.0 || ^20.0.0 || ^22.0.0 || >=24.0.0}

  '@sinclair/typebox@0.34.49':
    resolution: {integrity: sha512-brySQQs7Jtn0joV8Xh9ZV/hZb9Ozb0pmazDIASBkYKCjXrXU3mpcFahmK/z4YDhGkQvP9mWJbVyahdtU5wQA+A==}

  '@types/istanbul-lib-coverage@2.0.6':
    resolution: {integrity: sha512-2QF/t/auWm0lsy8XtKVPG19v3sSOQlJe/YHZgfjb/KBBHOGSV+J2q/S671rcq9uTBrLAXmZpqJiaQbMT+zNU1w==}

  '@types/istanbul-lib-report@3.0.3':
    resolution: {integrity: sha512-NQn7AHQnk/RSLOxrBbGyJM/aVQ+pjj5HCgasFxc0K/KhoATfQ/47AyUl15I2yBUpihjmas+a+VJBOqecrFH+uA==}

  '@types/istanbul-reports@3.0.4':
    resolution: {integrity: sha512-pk2B1NWalF9toCRu6gjBzR69syFjP4Od8WRAX+0mmf9lAjCRicLOWc+ZrxZHx/0XRjotgkF9t6iaMJ+aXcOdZQ==}

  '@types/node@25.5.0':
    resolution: {integrity: sha512-jp2P3tQMSxWugkCUKLRPVUpGaL5MVFwF8RDuSRztfwgN1wmqJeMSbKlnEtQqU8UrhTmzEmZdu2I6v2dpp7XIxw==}

  '@types/yargs-parser@21.0.3':
    resolution: {integrity: sha512-I4q9QU9MQv4oEOz4tAHJtNz1cwuLxn2F3xcc2iV5WdqLPpUnj30aUuxt1mAxYTG+oe8CZMV/+6rU4S4gRDzqtQ==}

  '@types/yargs@17.0.35':
    resolution: {integrity: sha512-qUHkeCyQFxMXg79wQfTtfndEC+N9ZZg76HJftDJp+qH2tV7Gj4OJi7l+PiWwJ+pWtW8GwSmqsDj/oymhrTWXjg==}

  '@ungap/structured-clone@1.3.0':
    resolution: {integrity: sha512-WmoN8qaIAo7WTYWbAZuG8PYEhn5fkz7dZrqTBZ7dtt//lL2Gwms1IcnQ5yHqjDfX8Ft5j4YzDM23f87zBfDe9g==}

  ansi-styles@4.3.0:
    resolution: {integrity: sha512-zbB9rCJAT1rbjiVDb2hqKFHNYLxgtk8NURxZ3IZwD3F6NtxbXZQCnnSi1Lkx+IDohdPlFp222wVALIheZJQSEg==}
    engines: {node: '>=8'}

  anymatch@3.1.3:
    resolution: {integrity: sha512-KMReFUr0B4t+D+OBkjR3KYqvocp2XaSzO55UcB6mgQMd3KbcE+mWTyvVV7D/zsdEbNnV6acZUutkiHQXvTr1Rw==}
    engines: {node: '>= 8'}

  bser@2.1.1:
    resolution: {integrity: sha512-gQxTNE/GAfIIrmHLUE3oJyp5FO6HRBfhjnw4/wMmA63ZGDJnWBmgY/lyQBpnDUkGmAhbSe39tx2d/iTOAfglwQ==}

  chalk@4.1.2:
    resolution: {integrity: sha512-oKnbhFyRIXpUuez8iBMmyEa4nbj4IOQyuhc/wy9kY7/WVPcwIO9VA668Pu8RkO7+0G76SLROeyw9CpQ061i4mA==}
    engines: {node: '>=10'}

  ci-info@4.4.0:
    resolution: {integrity: sha512-77PSwercCZU2Fc4sX94eF8k8Pxte6JAwL4/ICZLFjJLqegs7kCuAsqqj/70NQF6TvDpgFjkubQB2FW2ZZddvQg==}
    engines: {node: '>=8'}

  color-convert@2.0.1:
    resolution: {integrity: sha512-RRECPsj7iu/xb5oKYcsFHSppFNnsj/52OVTRKb4zP5onXwVF3zVmmToNcOfGC+CRDpfK/U584fMg38ZHCaElKQ==}
    engines: {node: '>=7.0.0'}

  color-name@1.1.4:
    resolution: {integrity: sha512-dOy+3AuW3a2wNbZHIuMZpTcgjGuLU/uBL/ubcZF9OXbDo8ff4O8yVp5Bf0efS8uEoYo5q4Fx7dY9OgQGXgAsQA==}

  fb-watchman@2.0.2:
    resolution: {integrity: sha512-p5161BqbuCaSnB8jIbzQHOlpgsPmK5rJVDfDKO91Axs5NC1uu3HRQm6wt9cd9/+GtQQIO53JdGXXoyDpTAsgYA==}

  fsevents@2.3.3:
    resolution: {integrity: sha512-5xoDfX+fL7faATnagmWPpbFtwh/R77WmMMqqHGS65C3vvB0YHrgF+B1YmZ3441tMj5n63k0212XNoJwzlhffQw==}
    engines: {node: ^8.16.0 || ^10.6.0 || >=11.0.0}
    os: [darwin]

  graceful-fs@4.2.11:
    resolution: {integrity: sha512-RbJ5/jmFcNNCcDV5o9eTnBLJ/HszWV0P73bc+Ff4nS/rJj+YaS6IGyiOL0VoBYX+l1Wrl3k63h/KrH+nhJ0XvQ==}

  has-flag@4.0.0:
    resolution: {integrity: sha512-EykJT/Q1KjTWctppgIAgfSO0tKVuZUjhgMr17kqTumMl6Afv3EISleU7qZUzoXDFTAHTDC4NOoG/ZxU3EvlMPQ==}
    engines: {node: '>=8'}

  jest-haste-map@30.3.0:
    resolution: {integrity: sha512-mMi2oqG4KRU0R9QEtscl87JzMXfUhbKaFqOxmjb2CKcbHcUGFrJCBWHmnTiUqi6JcnzoBlO4rWfpdl2k/RfLCA==}
    engines: {node: ^18.14.0 || ^20.0.0 || ^22.0.0 || >=24.0.0}

  jest-regex-util@30.0.1:
    resolution: {integrity: sha512-jHEQgBXAgc+Gh4g0p3bCevgRCVRkB4VB70zhoAE48gxeSr1hfUOsM/C2WoJgVL7Eyg//hudYENbm3Ne+/dRVVA==}
    engines: {node: ^18.14.0 || ^20.0.0 || ^22.0.0 || >=24.0.0}

  jest-util@30.3.0:
    resolution: {integrity: sha512-/jZDa00a3Sz7rdyu55NLrQCIrbyIkbBxareejQI315f/i8HjYN+ZWsDLLpoQSiUIEIyZF/R8fDg3BmB8AtHttg==}
    engines: {node: ^18.14.0 || ^20.0.0 || ^22.0.0 || >=24.0.0}

  jest-worker@30.3.0:
    resolution: {integrity: sha512-DrCKkaQwHexjRUFTmPzs7sHQe0TSj9nvDALKGdwmK5mW9v7j90BudWirKAJHt3QQ9Dhrg1F7DogPzhChppkJpQ==}
    engines: {node: ^18.14.0 || ^20.0.0 || ^22.0.0 || >=24.0.0}

  makeerror@1.0.12:
    resolution: {integrity: sha512-JmqCvUhmt43madlpFzG4BQzG2Z3m6tvQDNKdClZnO3VbIudJYmxsT0FNJMeiB2+JTSlTQTSbU8QdesVmwJcmLg==}

  merge-stream@2.0.0:
    resolution: {integrity: sha512-abv/qOcuPfk3URPfDzmZU1LKmuw8kT+0nIHvKrKgFrwifol/doWcdA4ZqsWQ8ENrFKkd67Mfpo/LovbIUsbt3w==}

  node-int64@0.4.0:
    resolution: {integrity: sha512-O5lz91xSOeoXP6DulyHfllpq+Eg00MWitZIbtPfoSEvqIHdl5gfcY6hYzDWnj0qD5tz52PI08u9qUvSVeUBeHw==}

  normalize-path@3.0.0:
    resolution: {integrity: sha512-6eZs5Ls3WtCisHWp9S2GUy8dqkpGi4BVSz3GaqiE6ezub0512ESztXUwUB6C6IKbQkY2Pnb/mD4WYojCRwcwLA==}
    engines: {node: '>=0.10.0'}

  picomatch@2.3.2:
    resolution: {integrity: sha512-V7+vQEJ06Z+c5tSye8S+nHUfI51xoXIXjHQ99cQtKUkQqqO1kO/KCJUfZXuB47h/YBlDhah2H3hdUGXn8ie0oA==}
    engines: {node: '>=8.6'}

  picomatch@4.0.4:
    resolution: {integrity: sha512-QP88BAKvMam/3NxH6vj2o21R6MjxZUAd6nlwAS/pnGvN9IVLocLHxGYIzFhg6fUQ+5th6P4dv4eW9jX3DSIj7A==}
    engines: {node: '>=12'}

  supports-color@7.2.0:
    resolution: {integrity: sha512-qpCAvRl9stuOHveKsn7HncJRvv501qIacKzQlO/+Lwxc9+0q2wLyv4Dfvt80/DPn2pqOBsJdDiogXGR9+OvwRw==}
    engines: {node: '>=8'}

  supports-color@8.1.1:
    resolution: {integrity: sha512-MpUEN2OodtUzxvKQl72cUF7RQ5EiHsGvSsVG0ia9c5RbWGL2CI4C7EpPS8UTBIplnlzZiNuV56w+FuNxy3ty2Q==}
    engines: {node: '>=10'}

  tmpl@1.0.5:
    resolution: {integrity: sha512-3f0uOEAQwIqGuWW2MVzYg8fV/QNnc/IpuJNG837rLuczAaLVHslWHZQj4IGiEl5Hs3kkbhwL9Ab7Hrsmuj+Smw==}

  undici-types@7.18.2:
    resolution: {integrity: sha512-AsuCzffGHJybSaRrmr5eHr81mwJU3kjw6M+uprWvCXiNeN9SOGwQ3Jn8jb8m3Z6izVgknn1R0FTCEAP2QrLY/w==}

  walker@1.0.8:
    resolution: {integrity: sha512-ts/8E8l5b7kY0vlWLewOkDXMmPdLcVV4GmOQLyxuSswIJsweeFZtAsMF7k1Nszz+TYBQrlYRmzOnr398y1JemQ==}

snapshots:

  '@jest/pattern@30.0.1':
    dependencies:
      '@types/node': 25.5.0
      jest-regex-util: 30.0.1

  '@jest/schemas@30.0.5':
    dependencies:
      '@sinclair/typebox': 0.34.49

  '@jest/types@30.3.0':
    dependencies:
      '@jest/pattern': 30.0.1
      '@jest/schemas': 30.0.5
      '@types/istanbul-lib-coverage': 2.0.6
      '@types/istanbul-reports': 3.0.4
      '@types/node': 25.5.0
      '@types/yargs': 17.0.35
      chalk: 4.1.2

  '@sinclair/typebox@0.34.49': {}

  '@types/istanbul-lib-coverage@2.0.6': {}

  '@types/istanbul-lib-report@3.0.3':
    dependencies:
      '@types/istanbul-lib-coverage': 2.0.6

  '@types/istanbul-reports@3.0.4':
    dependencies:
      '@types/istanbul-lib-report': 3.0.3

  '@types/node@25.5.0':
    dependencies:
      undici-types: 7.18.2

  '@types/yargs-parser@21.0.3': {}

  '@types/yargs@17.0.35':
    dependencies:
      '@types/yargs-parser': 21.0.3

  '@ungap/structured-clone@1.3.0': {}

  ansi-styles@4.3.0:
    dependencies:
      color-convert: 2.0.1

  anymatch@3.1.3:
    dependencies:
      normalize-path: 3.0.0
      picomatch: 2.3.2

  bser@2.1.1:
    dependencies:
      node-int64: 0.4.0

  chalk@4.1.2:
    dependencies:
      ansi-styles: 4.3.0
      supports-color: 7.2.0

  ci-info@4.4.0: {}

  color-convert@2.0.1:
    dependencies:
      color-name: 1.1.4

  color-name@1.1.4: {}

  fb-watchman@2.0.2:
    dependencies:
      bser: 2.1.1

  fsevents@2.3.3:
    optional: true

  graceful-fs@4.2.11: {}

  has-flag@4.0.0: {}

  jest-haste-map@30.3.0:
    dependencies:
      '@jest/types': 30.3.0
      '@types/node': 25.5.0
      anymatch: 3.1.3
      fb-watchman: 2.0.2
      graceful-fs: 4.2.11
      jest-regex-util: 30.0.1
      jest-util: 30.3.0
      jest-worker: 30.3.0
      picomatch: 4.0.4
      walker: 1.0.8
    optionalDependencies:
      fsevents: 2.3.3

  jest-regex-util@30.0.1: {}

  jest-util@30.3.0:
    dependencies:
      '@jest/types': 30.3.0
      '@types/node': 25.5.0
      chalk: 4.1.2
      ci-info: 4.4.0
      graceful-fs: 4.2.11
      picomatch: 4.0.4

  jest-worker@30.3.0:
    dependencies:
      '@types/node': 25.5.0
      '@ungap/structured-clone': 1.3.0
      jest-util: 30.3.0
      merge-stream: 2.0.0
      supports-color: 8.1.1

  makeerror@1.0.12:
    dependencies:
      tmpl: 1.0.5

  merge-stream@2.0.0: {}

  node-int64@0.4.0: {}

  normalize-path@3.0.0: {}

  picomatch@2.3.2: {}

  picomatch@4.0.4: {}

  supports-color@7.2.0:
    dependencies:
      has-flag: 4.0.0

  supports-color@8.1.1:
    dependencies:
      has-flag: 4.0.0

  tmpl@1.0.5: {}

  undici-types@7.18.2: {}

  walker@1.0.8:
    dependencies:
      makeerror: 1.0.12
